// !$*UTF8*$!
{
	archiveVersion = 1;
	classes = {
	};
	objectVersion = 48;
	objects = {

/* Begin PBXBuildFile section */
		F563CCAD2017131700D4751A /* AppDelegate.m in Sources */ = {isa = PBXBuildFile; fileRef = F563CCAC2017131700D4751A /* AppDelegate.m */; };
		F563CCB02017131700D4751A /* ViewController.m in Sources */ = {isa = PBXBuildFile; fileRef = F563CCAF2017131700D4751A /* ViewController.m */; };
		F563CCB32017131700D4751A /* Main.storyboard in Resources */ = {isa = PBXBuildFile; fileRef = F563CCB12017131700D4751A /* Main.storyboard */; };
		F563CCB52017131700D4751A /* Assets.xcassets in Resources */ = {isa = PBXBuildFile; fileRef = F563CCB42017131700D4751A /* Assets.xcassets */; };
		F563CCB82017131700D4751A /* LaunchScreen.storyboard in Resources */ = {isa = PBXBuildFile; fileRef = F563CCB62017131700D4751A /* LaunchScreen.storyboard */; };
		F563CCBB2017131700D4751A /* main.m in Sources */ = {isa = PBXBuildFile; fileRef = F563CCBA2017131700D4751A /* main.m */; };
/* End PBXBuildFile section */

/* Begin PBXFileReference section */
		F563CCA82017131700D4751A /* IPOAsk.app */ = {isa = PBXFileReference; explicitFileType = wrapper.application; includeInIndex = 0; path = IPOAsk.app; sourceTree = BUILT_PRODUCTS_DIR; };
		F563CCAB2017131700D4751A /* AppDelegate.h */ = {isa = PBXFileReference; lastKnownFileType = sourcecode.c.h; path = AppDelegate.h; sourceTree = "<group>"; };
		F563CCAC2017131700D4751A /* AppDelegate.m */ = {isa = PBXFileReference; lastKnownFileType = sourcecode.c.objc; path = AppDelegate.m; sourceTree = "<group>"; };
		F563CCAE2017131700D4751A /* ViewController.h */ = {isa = PBXFileReference; lastKnownFileType = sourcecode.c.h; path = ViewController.h; sourceTree = "<group>"; };
		F563CCAF2017131700D4751A /* ViewController.m */ = {isa = PBXFileReference; lastKnownFileType = sourcecode.c.objc; path = ViewController.m; sourceTree = "<group>"; };
		F563CCB22017131700D4751A /* Base */ = {isa = PBXFileReference; lastKnownFileType = file.storyboard; name = Base; path = Base.lproj/Main.storyboard; sourceTree = "<group>"; };
		F563CCB42017131700D4751A /* Assets.xcassets */ = {isa = PBXFileReference; lastKnownFileType = folder.assetcatalog; path = Assets.xcassets; sourceTree = "<group>"; };
		F563CCB72017131700D4751A /* Base */ = {isa = PBXFileReference; lastKnownFileType = file.storyboard; name = Base; path = Base.lproj/LaunchScreen.storyboard; sourceTree = "<group>"; };
		F563CCB92017131700D4751A /* Info.plist */ = {isa = PBXFileReference; lastKnownFileType = text.plist.xml; path = Info.plist; sourceTree = "<group>"; };
		F563CCBA2017131700D4751A /* main.m */ = {isa = PBXFileReference; lastKnownFileType = sourcecode.c.objc; path = main.m; sourceTree = "<group>"; };
/* End PBXFileReference section */

/* Begin PBXFrameworksBuildPhase section */
		F563CCA52017131700D4751A /* Frameworks */ = {
			isa = PBXFrameworksBuildPhase;
			buildActionMask = 2147483647;
			files = (
			);
			runOnlyForDeploymentPostprocessing = 0;
		};
/* End PBXFrameworksBuildPhase section */

/* Begin PBXGroup section */
		F563CC9F2017131700D4751A = {
			isa = PBXGroup;
			children = (
				F563CCAA2017131700D4751A /* IPOAsk */,
				F563CCA92017131700D4751A /* Products */,
			);
			sourceTree = "<group>";
		};
		F563CCA92017131700D4751A /* Products */ = {
			isa = PBXGroup;
			children = (
				F563CCA82017131700D4751A /* IPOAsk.app */,
			);
			name = Products;
			sourceTree = "<group>";
		};
		F563CCAA2017131700D4751A /* IPOAsk */ = {
			isa = PBXGroup;
			children = (
				F563CCAB2017131700D4751A /* AppDelegate.h */,
				F563CCAC2017131700D4751A /* AppDelegate.m */,
				F563CCAE2017131700D4751A /* ViewController.h */,
				F563CCAF2017131700D4751A /* ViewController.m */,
				F563CCB12017131700D4751A /* Main.storyboard */,
				F563CCB42017131700D4751A /* Assets.xcassets */,
				F563CCB62017131700D4751A /* LaunchScreen.storyboard */,
				F563CCB92017131700D4751A /* Info.plist */,
				F563CCBA2017131700D4751A /* main.m */,
			);
			path = IPOAsk;
			sourceTree = "<group>";
		};
/* End PBXGroup section */

/* Begin PBXNativeTarget section */
		F563CCA72017131700D4751A /* IPOAsk */ = {
			isa = PBXNativeTarget;
			buildConfigurationList = F563CCBE2017131700D4751A /* Build configuration list for PBXNativeTarget "IPOAsk" */;
			buildPhases = (
				F563CCA42017131700D4751A /* Sources */,
				F563CCA52017131700D4751A /* Frameworks */,
				F563CCA62017131700D4751A /* Resources */,
			);
			buildRules = (
			);
			dependencies = (
			);
			name = IPOAsk;
			productName = IPOAsk;
			productReference = F563CCA82017131700D4751A /* IPOAsk.app */;
			productType = "com.apple.product-type.application";
		};
/* End PBXNativeTarget section */

/* Begin PBXProject section */
		F563CCA02017131700D4751A /* Project object */ = {
			isa = PBXProject;
			attributes = {
				LastUpgradeCheck = 0920;
				ORGANIZATIONNAME = law;
				TargetAttributes = {
					F563CCA72017131700D4751A = {
						CreatedOnToolsVersion = 9.2;
						ProvisioningStyle = Automatic;
					};
				};
			};
			buildConfigurationList = F563CCA32017131700D4751A /* Build configuration list for PBXProject "IPOAsk" */;
			compatibilityVersion = "Xcode 8.0";
			developmentRegion = en;
			hasScannedForEncodings = 0;
			knownRegions = (
				en,
				Base,
			);
			mainGroup = F563CC9F2017131700D4751A;
			productRefGroup = F563CCA92017131700D4751A /* Products */;
			projectDirPath = "";
			projectRoot = "";
			targets = (
				F563CCA72017131700D4751A /* IPOAsk */,
			);
		};
/* End PBXProject section */

/* Begin PBXResourcesBuildPhase section */
		F563CCA62017131700D4751A /* Resources */ = {
			isa = PBXResourcesBuildPhase;
			buildActionMask = 2147483647;
			files = (
				F563CCB82017131700D4751A /* LaunchScreen.storyboard in Resources */,
				F563CCB52017131700D4751A /* Assets.xcassets in Resources */,
				F563CCB32017131700D4751A /* Main.storyboard in Resources */,
			);
			runOnlyForDeploymentPostprocessing = 0;
		};
/* End PBXResourcesBuildPhase section */

/* Begin PBXSourcesBuildPhase section */
		F563CCA42017131700D4751A /* Sources */ = {
			isa = PBXSourcesBuildPhase;
			buildActionMask = 2147483647;
			files = (
				F563CCB02017131700D4751A /* ViewController.m in Sources */,
				F563CCBB2017131700D4751A /* main.m in Sources */,
				F563CCAD2017131700D4751A /* AppDelegate.m in Sources */,
			);
			runOnlyForDeploymentPostprocessing = 0;
		};
/* End PBXSourcesBuildPhase section */

/* Begin PBXVariantGroup section */
		F563CCB12017131700D4751A /* Main.storyboard */ = {
			isa = PBXVariantGroup;
			children = (
				F563CCB22017131700D4751A /* Base */,
			);
			name = Main.storyboard;
			sourceTree = "<group>";
		};
		F563CCB62017131700D4751A /* LaunchScreen.storyboard */ = {
			isa = PBXVariantGroup;
			children = (
				F563CCB72017131700D4751A /* Base */,
			);
			name = LaunchScreen.storyboard;
			sourceTree = "<group>";
		};
/* End PBXVariantGroup section */

/* Begin XCBuildConfiguration section */
		F563CCBC2017131700D4751A /* Debug */ = {
			isa = XCBuildConfiguration;
			buildSettings = {
				ALWAYS_SEARCH_USER_PATHS = NO;
				CLANG_ANALYZER_NONNULL = YES;
				CLANG_ANALYZER_NUMBER_OBJECT_CONVERSION = YES_AGGRESSIVE;
				CLANG_CXX_LANGUAGE_STANDARD = "gnu++14";
				CLANG_CXX_LIBRARY = "libc++";
				CLANG_ENABLE_MODULES = YES;
				CLANG_ENABLE_OBJC_ARC = YES;
				CLANG_WARN_BLOCK_CAPTURE_AUTORELEASING = YES;
				CLANG_WARN_BOOL_CONVERSION = YES;
				CLANG_WARN_COMMA = YES;
				CLANG_WARN_CONSTANT_CONVERSION = YES;
				CLANG_WARN_DIRECT_OBJC_ISA_USAGE = YES_ERROR;
				CLANG_WARN_DOCUMENTATION_COMMENTS = YES;
				CLANG_WARN_EMPTY_BODY = YES;
				CLANG_WARN_ENUM_CONVERSION = YES;
				CLANG_WARN_INFINITE_RECURSION = YES;
				CLANG_WARN_INT_CONVERSION = YES;
				CLANG_WARN_NON_LITERAL_NULL_CONVERSION = YES;
				CLANG_WARN_OBJC_LITERAL_CONVERSION = YES;
				CLANG_WARN_OBJC_ROOT_CLASS = YES_ERROR;
				CLANG_WARN_RANGE_LOOP_ANALYSIS = YES;
				CLANG_WARN_STRICT_PROTOTYPES = YES;
				CLANG_WARN_SUSPICIOUS_MOVE = YES;
				CLANG_WARN_UNGUARDED_AVAILABILITY = YES_AGGRESSIVE;
				CLANG_WARN_UNREACHABLE_CODE = YES;
				CLANG_WARN__DUPLICATE_METHOD_MATCH = YES;
				CODE_SIGN_IDENTITY = "iPhone Developer";
				COPY_PHASE_STRIP = NO;
				DEBUG_INFORMATION_FORMAT = dwarf;
				ENABLE_STRICT_OBJC_MSGSEND = YES;
				ENABLE_TESTABILITY = YES;
				GCC_C_LANGUAGE_STANDARD = gnu11;
				GCC_DYNAMIC_NO_PIC = NO;
				GCC_NO_COMMON_BLOCKS = YES;
				GCC_OPTIMIZATION_LEVEL = 0;
				GCC_PREPROCESSOR_DEFINITIONS = (
					"DEBUG=1",
					"$(inherited)",
				);
				GCC_WARN_64_TO_32_BIT_CONVERSION = YES;
				GCC_WARN_ABOUT_RETURN_TYPE = YES_ERROR;
				GCC_WARN_UNDECLARED_SELECTOR = YES;
				GCC_WARN_UNINITIALIZED_AUTOS = YES_AGGRESSIVE;
				GCC_WARN_UNUSED_FUNCTION = YES;
				GCC_WARN_UNUSED_VARIABLE = YES;
				IPHONEOS_DEPLOYMENT_TARGET = 11.2;
				MTL_ENABLE_DEBUG_INFO = YES;
				ONLY_ACTIVE_ARCH = YES;
				SDKROOT = iphoneos;
			};
			name = Debug;
		};
		F563CCBD2017131700D4751A /* Release */ = {
			isa = XCBuildConfiguration;
			buildSettings = {
				ALWAYS_SEARCH_USER_PATHS = NO;
				CLANG_ANALYZER_NONNULL = YES;
				CLANG_ANALYZER_NUMBER_OBJECT_CONVERSION = YES_AGGRESSIVE;
				CLANG_CXX_LANGUAGE_STANDARD = "gnu++14";
				CLANG_CXX_LIBRARY = "libc++";
				CLANG_ENABLE_MODULES = YES;
				CLANG_ENABLE_OBJC_ARC = YES;
				CLANG_WARN_BLOCK_CAPTURE_AUTORELEASING = YES;
				CLANG_WARN_BOOL_CONVERSION = YES;
				CLANG_WARN_COMMA = YES;
				CLANG_WARN_CONSTANT_CONVERSION = YES;
				CLANG_WARN_DIRECT_OBJC_ISA_USAGE = YES_ERROR;
				CLANG_WARN_DOCUMENTATION_COMMENTS = YES;
				CLANG_WARN_EMPTY_BODY = YES;
				CLANG_WARN_ENUM_CONVERSION = YES;
				CLANG_WARN_INFINITE_RECURSION = YES;
				CLANG_WARN_INT_CONVERSION = YES;
				CLANG_WARN_NON_LITERAL_NULL_CONVERSION = YES;
				CLANG_WARN_OBJC_LITERAL_CONVERSION = YES;
				CLANG_WARN_OBJC_ROOT_CLASS = YES_ERROR;
				CLANG_WARN_RANGE_LOOP_ANALYSIS = YES;
				CLANG_WARN_STRICT_PROTOTYPES = YES;
				CLANG_WARN_SUSPICIOUS_MOVE = YES;
				CLANG_WARN_UNGUARDED_AVAILABILITY = YES_AGGRESSIVE;
				CLANG_WARN_UNREACHABLE_CODE = YES;
				CLANG_WARN__DUPLICATE_METHOD_MATCH = YES;
				CODE_SIGN_IDENTITY = "iPhone Developer";
				COPY_PHASE_STRIP = NO;
				DEBUG_INFORMATION_FORMAT = "dwarf-with-dsym";
				ENABLE_NS_ASSERTIONS = NO;
				ENABLE_STRICT_OBJC_MSGSEND = YES;
				GCC_C_LANGUAGE_STANDARD = gnu11;
				GCC_NO_COMMON_BLOCKS = YES;
				GCC_WARN_64_TO_32_BIT_CONVERSION = YES;
				GCC_WARN_ABOUT_RETURN_TYPE = YES_ERROR;
				GCC_WARN_UNDECLARED_SELECTOR = YES;
				GCC_WARN_UNINITIALIZED_AUTOS = YES_AGGRESSIVE;
				GCC_WARN_UNUSED_FUNCTION = YES;
				GCC_WARN_UNUSED_VARIABLE = YES;
				IPHONEOS_DEPLOYMENT_TARGET = 11.2;
				MTL_ENABLE_DEBUG_INFO = NO;
				SDKROOT = iphoneos;
				VALIDATE_PRODUCT = YES;
			};
			name = Release;
		};
		F563CCBF2017131700D4751A /* Debug */ = {
			isa = XCBuildConfiguration;
			buildSettings = {
				ASSETCATALOG_COMPILER_APPICON_NAME = AppIcon;
				CODE_SIGN_STYLE = Automatic;
				DEVELOPMENT_TEAM = NG2U3PU777;
				INFOPLIST_FILE = IPOAsk/Info.plist;
				LD_RUNPATH_SEARCH_PATHS = "$(inherited) @executable_path/Frameworks";
				PRODUCT_BUNDLE_IDENTIFIER = com.IPOAsk;
				PRODUCT_NAME = "$(TARGET_NAME)";
				TARGETED_DEVICE_FAMILY = "1,2";
			};
			name = Debug;
		};
		F563CCC02017131700D4751A /* Release */ = {
			isa = XCBuildConfiguration;
			buildSettings = {
				ASSETCATALOG_COMPILER_APPICON_NAME = AppIcon;
				CODE_SIGN_STYLE = Automatic;
				DEVELOPMENT_TEAM = NG2U3PU777;
				INFOPLIST_FILE = IPOAsk/Info.plist;
				LD_RUNPATH_SEARCH_PATHS = "$(inherited) @executable_path/Frameworks";
				PRODUCT_BUNDLE_IDENTIFIER = com.IPOAsk;
				PRODUCT_NAME = "$(TARGET_NAME)";
				TARGETED_DEVICE_FAMILY = "1,2";
			};
			name = Release;
		};
/* End XCBuildConfiguration section */

/* Begin XCConfigurationList section */
		F563CCA32017131700D4751A /* Build configuration list for PBXProject "IPOAsk" */ = {
			isa = XCConfigurationList;
			buildConfigurations = (
				F563CCBC2017131700D4751A /* Debug */,
				F563CCBD2017131700D4751A /* Release */,
			);
			defaultConfigurationIsVisible = 0;
			defaultConfigurationName = Release;
		};
		F563CCBE2017131700D4751A /* Build configuration list for PBXNativeTarget "IPOAsk" */ = {
			isa = XCConfigurationList;
			buildConfigurations = (
				F563CCBF2017131700D4751A /* Debug */,
				F563CCC02017131700D4751A /* Release */,
			);
			defaultConfigurationIsVisible = 0;
			defaultConfigurationName = Release;
		};
/* End XCConfigurationList section */
	};
	rootObject = F563CCA02017131700D4751A /* Project object */;
}
